
Microsoft Visual Studio Solution File, Format Version 12.00
# Visual Studio 14
VisualStudioVersion = 14.0.25420.1
MinimumVisualStudioVersion = 10.0.40219.1
Project("{FAE04EC0-301F-11D3-BF4B-00C04F79EFBC}") = "Slang.Parsing", "src\Slang.Parsing\Slang.Parsing.csproj", "{7CAF54E1-004D-4D95-8E45-3E01EB506151}"
EndProject
Project("{FAE04EC0-301F-11D3-BF4B-00C04F79EFBC}") = "Slang.Parser", "src\Slang.Parser\Slang.Parser.csproj", "{49501580-AAB0-40A8-A37D-A494C9462887}"
EndProject
Project("{FAE04EC0-301F-11D3-BF4B-00C04F79EFBC}") = "Slang", "src\Slang\Slang.csproj", "{B9BD4720-4C5A-4EAA-9F7B-B2D064CFE225}"
EndProject
Project("{FAE04EC0-301F-11D3-BF4B-00C04F79EFBC}") = "Slang.Parser.Tests", "test\Slang.Parser.Tests\Slang.Parser.Tests.csproj", "{C6594DD0-2F44-4AD5-B971-921E85466293}"
EndProject
Global
	GlobalSection(SolutionConfigurationPlatforms) = preSolution
		Debug|Any CPU = Debug|Any CPU
		Release|Any CPU = Release|Any CPU
	EndGlobalSection
	GlobalSection(ProjectConfigurationPlatforms) = postSolution
		{7CAF54E1-004D-4D95-8E45-3E01EB506151}.Debug|Any CPU.ActiveCfg = Debug|Any CPU
		{7CAF54E1-004D-4D95-8E45-3E01EB506151}.Debug|Any CPU.Build.0 = Debug|Any CPU
		{7CAF54E1-004D-4D95-8E45-3E01EB506151}.Release|Any CPU.ActiveCfg = Release|Any CPU
		{7CAF54E1-004D-4D95-8E45-3E01EB506151}.Release|Any CPU.Build.0 = Release|Any CPU
		{49501580-AAB0-40A8-A37D-A494C9462887}.Debug|Any CPU.ActiveCfg = Debug|Any CPU
		{49501580-AAB0-40A8-A37D-A494C9462887}.Debug|Any CPU.Build.0 = Debug|Any CPU
		{49501580-AAB0-40A8-A37D-A494C9462887}.Release|Any CPU.ActiveCfg = Release|Any CPU
		{49501580-AAB0-40A8-A37D-A494C9462887}.Release|Any CPU.Build.0 = Release|Any CPU
		{B9BD4720-4C5A-4EAA-9F7B-B2D064CFE225}.Debug|Any CPU.ActiveCfg = Debug|Any CPU
		{B9BD4720-4C5A-4EAA-9F7B-B2D064CFE225}.Debug|Any CPU.Build.0 = Debug|Any CPU
		{B9BD4720-4C5A-4EAA-9F7B-B2D064CFE225}.Release|Any CPU.ActiveCfg = Release|Any CPU
		{B9BD4720-4C5A-4EAA-9F7B-B2D064CFE225}.Release|Any CPU.Build.0 = Release|Any CPU
		{C6594DD0-2F44-4AD5-B971-921E85466293}.Debug|Any CPU.ActiveCfg = Debug|Any CPU
		{C6594DD0-2F44-4AD5-B971-921E85466293}.Debug|Any CPU.Build.0 = Debug|Any CPU
		{C6594DD0-2F44-4AD5-B971-921E85466293}.Release|Any CPU.ActiveCfg = Release|Any CPU
		{C6594DD0-2F44-4AD5-B971-921E85466293}.Release|Any CPU.Build.0 = Release|Any CPU
	EndGlobalSection
	GlobalSection(SolutionProperties) = preSolution
		HideSolutionNode = FALSE
	EndGlobalSection
EndGlobal
