
Microsoft Visual Studio Solution File, Format Version 12.00
# Visual Studio 15
VisualStudioVersion = 15.0.26206.0
MinimumVisualStudioVersion = 10.0.40219.1
Project("{FAE04EC0-301F-11D3-BF4B-00C04F79EFBC}") = "Yargon.Parsing", "src\Yargon.Parsing\Yargon.Parsing.csproj", "{7CAF54E1-004D-4D95-8E45-3E01EB506151}"
EndProject
Project("{FAE04EC0-301F-11D3-BF4B-00C04F79EFBC}") = "Yargon.Parser", "src\Yargon.Parser\Yargon.Parser.csproj", "{49501580-AAB0-40A8-A37D-A494C9462887}"
EndProject
Project("{FAE04EC0-301F-11D3-BF4B-00C04F79EFBC}") = "Yargon.Parser.Cli", "src\Yargon.Parser.Cli\Yargon.Parser.Cli.csproj", "{B9BD4720-4C5A-4EAA-9F7B-B2D064CFE225}"
EndProject
Project("{FAE04EC0-301F-11D3-BF4B-00C04F79EFBC}") = "Yargon.Parser.Tests", "test\Yargon.Parser.Tests\Yargon.Parser.Tests.csproj", "{C6594DD0-2F44-4AD5-B971-921E85466293}"
EndProject
Project("{FAE04EC0-301F-11D3-BF4B-00C04F79EFBC}") = "Yargon.Parser.Sdf", "src\Yargon.Parser.Sdf\Yargon.Parser.Sdf.csproj", "{28422609-A936-48C2-850C-2190AD82501E}"
EndProject
Project("{2150E333-8FDC-42A3-9474-1A3956D46DE8}") = "src", "src", "{3281D5F0-9FB1-458B-9A6E-28323C208EE6}"
EndProject
Project("{2150E333-8FDC-42A3-9474-1A3956D46DE8}") = "test", "test", "{9ACF403F-BCDF-42D2-82BD-7F2D95022FF8}"
EndProject
Project("{FAE04EC0-301F-11D3-BF4B-00C04F79EFBC}") = "Yargon.Parser.Sdf.Tests", "test\Yargon.Parser.Sdf.Tests\Yargon.Parser.Sdf.Tests.csproj", "{A63FA119-6FD7-4700-9C4D-708B11F79CBA}"
EndProject
Project("{FAE04EC0-301F-11D3-BF4B-00C04F79EFBC}") = "Yargon.Tego", "src\Yargon.Tego\Yargon.Tego.csproj", "{67CD4ED3-1581-401B-BFE9-BC27AC529E95}"
EndProject
Project("{FAE04EC0-301F-11D3-BF4B-00C04F79EFBC}") = "Yargon.Parser.Sdf.AsFixImploder", "src\Yargon.Parser.Sdf.AsFixImploder\Yargon.Parser.Sdf.AsFixImploder.csproj", "{5104FE9E-8768-4210-BFAE-155A7BB381D5}"
EndProject
Global
	GlobalSection(SolutionConfigurationPlatforms) = preSolution
		Debug|Any CPU = Debug|Any CPU
		Debug|x64 = Debug|x64
		Debug|x86 = Debug|x86
		Release|Any CPU = Release|Any CPU
		Release|x64 = Release|x64
		Release|x86 = Release|x86
	EndGlobalSection
	GlobalSection(ProjectConfigurationPlatforms) = postSolution
		{7CAF54E1-004D-4D95-8E45-3E01EB506151}.Debug|Any CPU.ActiveCfg = Debug|Any CPU
		{7CAF54E1-004D-4D95-8E45-3E01EB506151}.Debug|Any CPU.Build.0 = Debug|Any CPU
		{7CAF54E1-004D-4D95-8E45-3E01EB506151}.Debug|x64.ActiveCfg = Debug|Any CPU
		{7CAF54E1-004D-4D95-8E45-3E01EB506151}.Debug|x64.Build.0 = Debug|Any CPU
		{7CAF54E1-004D-4D95-8E45-3E01EB506151}.Debug|x86.ActiveCfg = Debug|Any CPU
		{7CAF54E1-004D-4D95-8E45-3E01EB506151}.Debug|x86.Build.0 = Debug|Any CPU
		{7CAF54E1-004D-4D95-8E45-3E01EB506151}.Release|Any CPU.ActiveCfg = Release|Any CPU
		{7CAF54E1-004D-4D95-8E45-3E01EB506151}.Release|Any CPU.Build.0 = Release|Any CPU
		{7CAF54E1-004D-4D95-8E45-3E01EB506151}.Release|x64.ActiveCfg = Release|Any CPU
		{7CAF54E1-004D-4D95-8E45-3E01EB506151}.Release|x64.Build.0 = Release|Any CPU
		{7CAF54E1-004D-4D95-8E45-3E01EB506151}.Release|x86.ActiveCfg = Release|Any CPU
		{7CAF54E1-004D-4D95-8E45-3E01EB506151}.Release|x86.Build.0 = Release|Any CPU
		{49501580-AAB0-40A8-A37D-A494C9462887}.Debug|Any CPU.ActiveCfg = Debug|Any CPU
		{49501580-AAB0-40A8-A37D-A494C9462887}.Debug|Any CPU.Build.0 = Debug|Any CPU
		{49501580-AAB0-40A8-A37D-A494C9462887}.Debug|x64.ActiveCfg = Debug|Any CPU
		{49501580-AAB0-40A8-A37D-A494C9462887}.Debug|x64.Build.0 = Debug|Any CPU
		{49501580-AAB0-40A8-A37D-A494C9462887}.Debug|x86.ActiveCfg = Debug|Any CPU
		{49501580-AAB0-40A8-A37D-A494C9462887}.Debug|x86.Build.0 = Debug|Any CPU
		{49501580-AAB0-40A8-A37D-A494C9462887}.Release|Any CPU.ActiveCfg = Release|Any CPU
		{49501580-AAB0-40A8-A37D-A494C9462887}.Release|Any CPU.Build.0 = Release|Any CPU
		{49501580-AAB0-40A8-A37D-A494C9462887}.Release|x64.ActiveCfg = Release|Any CPU
		{49501580-AAB0-40A8-A37D-A494C9462887}.Release|x64.Build.0 = Release|Any CPU
		{49501580-AAB0-40A8-A37D-A494C9462887}.Release|x86.ActiveCfg = Release|Any CPU
		{49501580-AAB0-40A8-A37D-A494C9462887}.Release|x86.Build.0 = Release|Any CPU
		{B9BD4720-4C5A-4EAA-9F7B-B2D064CFE225}.Debug|Any CPU.ActiveCfg = Debug|Any CPU
		{B9BD4720-4C5A-4EAA-9F7B-B2D064CFE225}.Debug|Any CPU.Build.0 = Debug|Any CPU
		{B9BD4720-4C5A-4EAA-9F7B-B2D064CFE225}.Debug|x64.ActiveCfg = Debug|Any CPU
		{B9BD4720-4C5A-4EAA-9F7B-B2D064CFE225}.Debug|x64.Build.0 = Debug|Any CPU
		{B9BD4720-4C5A-4EAA-9F7B-B2D064CFE225}.Debug|x86.ActiveCfg = Debug|Any CPU
		{B9BD4720-4C5A-4EAA-9F7B-B2D064CFE225}.Debug|x86.Build.0 = Debug|Any CPU
		{B9BD4720-4C5A-4EAA-9F7B-B2D064CFE225}.Release|Any CPU.ActiveCfg = Release|Any CPU
		{B9BD4720-4C5A-4EAA-9F7B-B2D064CFE225}.Release|Any CPU.Build.0 = Release|Any CPU
		{B9BD4720-4C5A-4EAA-9F7B-B2D064CFE225}.Release|x64.ActiveCfg = Release|Any CPU
		{B9BD4720-4C5A-4EAA-9F7B-B2D064CFE225}.Release|x64.Build.0 = Release|Any CPU
		{B9BD4720-4C5A-4EAA-9F7B-B2D064CFE225}.Release|x86.ActiveCfg = Release|Any CPU
		{B9BD4720-4C5A-4EAA-9F7B-B2D064CFE225}.Release|x86.Build.0 = Release|Any CPU
		{C6594DD0-2F44-4AD5-B971-921E85466293}.Debug|Any CPU.ActiveCfg = Debug|Any CPU
		{C6594DD0-2F44-4AD5-B971-921E85466293}.Debug|Any CPU.Build.0 = Debug|Any CPU
		{C6594DD0-2F44-4AD5-B971-921E85466293}.Debug|x64.ActiveCfg = Debug|Any CPU
		{C6594DD0-2F44-4AD5-B971-921E85466293}.Debug|x64.Build.0 = Debug|Any CPU
		{C6594DD0-2F44-4AD5-B971-921E85466293}.Debug|x86.ActiveCfg = Debug|Any CPU
		{C6594DD0-2F44-4AD5-B971-921E85466293}.Debug|x86.Build.0 = Debug|Any CPU
		{C6594DD0-2F44-4AD5-B971-921E85466293}.Release|Any CPU.ActiveCfg = Release|Any CPU
		{C6594DD0-2F44-4AD5-B971-921E85466293}.Release|Any CPU.Build.0 = Release|Any CPU
		{C6594DD0-2F44-4AD5-B971-921E85466293}.Release|x64.ActiveCfg = Release|Any CPU
		{C6594DD0-2F44-4AD5-B971-921E85466293}.Release|x64.Build.0 = Release|Any CPU
		{C6594DD0-2F44-4AD5-B971-921E85466293}.Release|x86.ActiveCfg = Release|Any CPU
		{C6594DD0-2F44-4AD5-B971-921E85466293}.Release|x86.Build.0 = Release|Any CPU
		{28422609-A936-48C2-850C-2190AD82501E}.Debug|Any CPU.ActiveCfg = Debug|Any CPU
		{28422609-A936-48C2-850C-2190AD82501E}.Debug|Any CPU.Build.0 = Debug|Any CPU
		{28422609-A936-48C2-850C-2190AD82501E}.Debug|x64.ActiveCfg = Debug|Any CPU
		{28422609-A936-48C2-850C-2190AD82501E}.Debug|x64.Build.0 = Debug|Any CPU
		{28422609-A936-48C2-850C-2190AD82501E}.Debug|x86.ActiveCfg = Debug|Any CPU
		{28422609-A936-48C2-850C-2190AD82501E}.Debug|x86.Build.0 = Debug|Any CPU
		{28422609-A936-48C2-850C-2190AD82501E}.Release|Any CPU.ActiveCfg = Release|Any CPU
		{28422609-A936-48C2-850C-2190AD82501E}.Release|Any CPU.Build.0 = Release|Any CPU
		{28422609-A936-48C2-850C-2190AD82501E}.Release|x64.ActiveCfg = Release|Any CPU
		{28422609-A936-48C2-850C-2190AD82501E}.Release|x64.Build.0 = Release|Any CPU
		{28422609-A936-48C2-850C-2190AD82501E}.Release|x86.ActiveCfg = Release|Any CPU
		{28422609-A936-48C2-850C-2190AD82501E}.Release|x86.Build.0 = Release|Any CPU
		{A63FA119-6FD7-4700-9C4D-708B11F79CBA}.Debug|Any CPU.ActiveCfg = Debug|Any CPU
		{A63FA119-6FD7-4700-9C4D-708B11F79CBA}.Debug|Any CPU.Build.0 = Debug|Any CPU
		{A63FA119-6FD7-4700-9C4D-708B11F79CBA}.Debug|x64.ActiveCfg = Debug|Any CPU
		{A63FA119-6FD7-4700-9C4D-708B11F79CBA}.Debug|x64.Build.0 = Debug|Any CPU
		{A63FA119-6FD7-4700-9C4D-708B11F79CBA}.Debug|x86.ActiveCfg = Debug|Any CPU
		{A63FA119-6FD7-4700-9C4D-708B11F79CBA}.Debug|x86.Build.0 = Debug|Any CPU
		{A63FA119-6FD7-4700-9C4D-708B11F79CBA}.Release|Any CPU.ActiveCfg = Release|Any CPU
		{A63FA119-6FD7-4700-9C4D-708B11F79CBA}.Release|Any CPU.Build.0 = Release|Any CPU
		{A63FA119-6FD7-4700-9C4D-708B11F79CBA}.Release|x64.ActiveCfg = Release|Any CPU
		{A63FA119-6FD7-4700-9C4D-708B11F79CBA}.Release|x64.Build.0 = Release|Any CPU
		{A63FA119-6FD7-4700-9C4D-708B11F79CBA}.Release|x86.ActiveCfg = Release|Any CPU
		{A63FA119-6FD7-4700-9C4D-708B11F79CBA}.Release|x86.Build.0 = Release|Any CPU
		{67CD4ED3-1581-401B-BFE9-BC27AC529E95}.Debug|Any CPU.ActiveCfg = Debug|Any CPU
		{67CD4ED3-1581-401B-BFE9-BC27AC529E95}.Debug|Any CPU.Build.0 = Debug|Any CPU
		{67CD4ED3-1581-401B-BFE9-BC27AC529E95}.Debug|x64.ActiveCfg = Debug|x64
		{67CD4ED3-1581-401B-BFE9-BC27AC529E95}.Debug|x64.Build.0 = Debug|x64
		{67CD4ED3-1581-401B-BFE9-BC27AC529E95}.Debug|x86.ActiveCfg = Debug|x86
		{67CD4ED3-1581-401B-BFE9-BC27AC529E95}.Debug|x86.Build.0 = Debug|x86
		{67CD4ED3-1581-401B-BFE9-BC27AC529E95}.Release|Any CPU.ActiveCfg = Release|Any CPU
		{67CD4ED3-1581-401B-BFE9-BC27AC529E95}.Release|Any CPU.Build.0 = Release|Any CPU
		{67CD4ED3-1581-401B-BFE9-BC27AC529E95}.Release|x64.ActiveCfg = Release|x64
		{67CD4ED3-1581-401B-BFE9-BC27AC529E95}.Release|x64.Build.0 = Release|x64
		{67CD4ED3-1581-401B-BFE9-BC27AC529E95}.Release|x86.ActiveCfg = Release|x86
		{67CD4ED3-1581-401B-BFE9-BC27AC529E95}.Release|x86.Build.0 = Release|x86
		{5104FE9E-8768-4210-BFAE-155A7BB381D5}.Debug|Any CPU.ActiveCfg = Debug|Any CPU
		{5104FE9E-8768-4210-BFAE-155A7BB381D5}.Debug|Any CPU.Build.0 = Debug|Any CPU
		{5104FE9E-8768-4210-BFAE-155A7BB381D5}.Debug|x64.ActiveCfg = Debug|x64
		{5104FE9E-8768-4210-BFAE-155A7BB381D5}.Debug|x64.Build.0 = Debug|x64
		{5104FE9E-8768-4210-BFAE-155A7BB381D5}.Debug|x86.ActiveCfg = Debug|x86
		{5104FE9E-8768-4210-BFAE-155A7BB381D5}.Debug|x86.Build.0 = Debug|x86
		{5104FE9E-8768-4210-BFAE-155A7BB381D5}.Release|Any CPU.ActiveCfg = Release|Any CPU
		{5104FE9E-8768-4210-BFAE-155A7BB381D5}.Release|Any CPU.Build.0 = Release|Any CPU
		{5104FE9E-8768-4210-BFAE-155A7BB381D5}.Release|x64.ActiveCfg = Release|x64
		{5104FE9E-8768-4210-BFAE-155A7BB381D5}.Release|x64.Build.0 = Release|x64
		{5104FE9E-8768-4210-BFAE-155A7BB381D5}.Release|x86.ActiveCfg = Release|x86
		{5104FE9E-8768-4210-BFAE-155A7BB381D5}.Release|x86.Build.0 = Release|x86
	EndGlobalSection
	GlobalSection(SolutionProperties) = preSolution
		HideSolutionNode = FALSE
	EndGlobalSection
	GlobalSection(NestedProjects) = preSolution
		{7CAF54E1-004D-4D95-8E45-3E01EB506151} = {3281D5F0-9FB1-458B-9A6E-28323C208EE6}
		{49501580-AAB0-40A8-A37D-A494C9462887} = {3281D5F0-9FB1-458B-9A6E-28323C208EE6}
		{B9BD4720-4C5A-4EAA-9F7B-B2D064CFE225} = {3281D5F0-9FB1-458B-9A6E-28323C208EE6}
		{C6594DD0-2F44-4AD5-B971-921E85466293} = {9ACF403F-BCDF-42D2-82BD-7F2D95022FF8}
		{28422609-A936-48C2-850C-2190AD82501E} = {3281D5F0-9FB1-458B-9A6E-28323C208EE6}
		{A63FA119-6FD7-4700-9C4D-708B11F79CBA} = {9ACF403F-BCDF-42D2-82BD-7F2D95022FF8}
		{67CD4ED3-1581-401B-BFE9-BC27AC529E95} = {3281D5F0-9FB1-458B-9A6E-28323C208EE6}
		{5104FE9E-8768-4210-BFAE-155A7BB381D5} = {3281D5F0-9FB1-458B-9A6E-28323C208EE6}
	EndGlobalSection
EndGlobal
